
Microsoft Visual Studio Solution File, Format Version 12.00
# Visual Studio 15
Project("{FAE04EC0-301F-11D3-BF4B-00C04F79EFBC}") = "randSynch", "randSynch\randSynch.csproj", "{C3AFD8FB-DDBA-41F6-A55F-AEFB0C9BE1CA}"
EndProject
Global
	GlobalSection(SolutionConfigurationPlatforms) = preSolution
		Debug|Any CPU = Debug|Any CPU
		Release|Any CPU = Release|Any CPU
	EndGlobalSection
	GlobalSection(ProjectConfigurationPlatforms) = postSolution
		{C3AFD8FB-DDBA-41F6-A55F-AEFB0C9BE1CA}.Debug|Any CPU.ActiveCfg = Debug|Any CPU
		{C3AFD8FB-DDBA-41F6-A55F-AEFB0C9BE1CA}.Debug|Any CPU.Build.0 = Debug|Any CPU
		{C3AFD8FB-DDBA-41F6-A55F-AEFB0C9BE1CA}.Release|Any CPU.ActiveCfg = Release|Any CPU
		{C3AFD8FB-DDBA-41F6-A55F-AEFB0C9BE1CA}.Release|Any CPU.Build.0 = Release|Any CPU
	EndGlobalSection
EndGlobal
